
Microsoft Visual Studio Solution File, Format Version 12.00
# Visual Studio 15
VisualStudioVersion = 15.0.28307.168
MinimumVisualStudioVersion = 10.0.40219.1
Project("{9A19103F-16F7-4668-BE54-9A1E7A4F7556}") = "WorkManager.Web.Server", "WorkManager.Web.Server\WorkManager.Web.Server.csproj", "{6280FD5C-9C31-46B3-9FFF-ABFAD9DCA871}"
EndProject
Project("{9A19103F-16F7-4668-BE54-9A1E7A4F7556}") = "WorkManager.Web.Client", "WorkManager.Web.Client\WorkManager.Web.Client.csproj", "{86CE6EC9-75AE-457F-AEC2-79F0CB986338}"
EndProject
Project("{FAE04EC0-301F-11D3-BF4B-00C04F79EFBC}") = "WorkManager.Web.Interfaces", "WorkManager.Web.Interfaces\WorkManager.Web.Interfaces.csproj", "{9B8A0B57-AF74-4E03-A385-17B401DE9227}"
EndProject
Project("{FAE04EC0-301F-11D3-BF4B-00C04F79EFBC}") = "WorkManager.Web.Models", "WorkManager.Web.Models\WorkManager.Web.Models.csproj", "{33A75CC3-7737-4767-B83C-C89B1FED9C7E}"
EndProject
Global
	GlobalSection(SolutionConfigurationPlatforms) = preSolution
		Debug|Any CPU = Debug|Any CPU
		Release|Any CPU = Release|Any CPU
	EndGlobalSection
	GlobalSection(ProjectConfigurationPlatforms) = postSolution
		{6280FD5C-9C31-46B3-9FFF-ABFAD9DCA871}.Debug|Any CPU.ActiveCfg = Debug|Any CPU
		{6280FD5C-9C31-46B3-9FFF-ABFAD9DCA871}.Debug|Any CPU.Build.0 = Debug|Any CPU
		{6280FD5C-9C31-46B3-9FFF-ABFAD9DCA871}.Release|Any CPU.ActiveCfg = Release|Any CPU
		{6280FD5C-9C31-46B3-9FFF-ABFAD9DCA871}.Release|Any CPU.Build.0 = Release|Any CPU
		{86CE6EC9-75AE-457F-AEC2-79F0CB986338}.Debug|Any CPU.ActiveCfg = Debug|Any CPU
		{86CE6EC9-75AE-457F-AEC2-79F0CB986338}.Debug|Any CPU.Build.0 = Debug|Any CPU
		{86CE6EC9-75AE-457F-AEC2-79F0CB986338}.Release|Any CPU.ActiveCfg = Release|Any CPU
		{86CE6EC9-75AE-457F-AEC2-79F0CB986338}.Release|Any CPU.Build.0 = Release|Any CPU
		{9B8A0B57-AF74-4E03-A385-17B401DE9227}.Debug|Any CPU.ActiveCfg = Debug|Any CPU
		{9B8A0B57-AF74-4E03-A385-17B401DE9227}.Debug|Any CPU.Build.0 = Debug|Any CPU
		{9B8A0B57-AF74-4E03-A385-17B401DE9227}.Release|Any CPU.ActiveCfg = Release|Any CPU
		{9B8A0B57-AF74-4E03-A385-17B401DE9227}.Release|Any CPU.Build.0 = Release|Any CPU
		{33A75CC3-7737-4767-B83C-C89B1FED9C7E}.Debug|Any CPU.ActiveCfg = Debug|Any CPU
		{33A75CC3-7737-4767-B83C-C89B1FED9C7E}.Debug|Any CPU.Build.0 = Debug|Any CPU
		{33A75CC3-7737-4767-B83C-C89B1FED9C7E}.Release|Any CPU.ActiveCfg = Release|Any CPU
		{33A75CC3-7737-4767-B83C-C89B1FED9C7E}.Release|Any CPU.Build.0 = Release|Any CPU
	EndGlobalSection
	GlobalSection(SolutionProperties) = preSolution
		HideSolutionNode = FALSE
	EndGlobalSection
	GlobalSection(ExtensibilityGlobals) = postSolution
		SolutionGuid = {67DB55ED-3EF3-416D-867A-EC896A08DAAF}
	EndGlobalSection
EndGlobal
